
Microsoft Visual Studio Solution File, Format Version 12.00
Project("{FAE04EC0-301F-11D3-BF4B-00C04F79EFBC}") = "Proxical", "src\Proxical\Proxical.csproj", "{985C96B6-52BA-4CAF-B656-F08424E5D46D}"
EndProject
Project("{FAE04EC0-301F-11D3-BF4B-00C04F79EFBC}") = "Proxical.DependencyInjection", "src\Proxical.DependencyInjection\Proxical.DependencyInjection.csproj", "{A6E5E570-E2EA-4F7A-B6D4-42421E6175DD}"
EndProject
Global
	GlobalSection(SolutionConfigurationPlatforms) = preSolution
		Debug|Any CPU = Debug|Any CPU
		Release|Any CPU = Release|Any CPU
	EndGlobalSection
	GlobalSection(ProjectConfigurationPlatforms) = postSolution
		{985C96B6-52BA-4CAF-B656-F08424E5D46D}.Debug|Any CPU.ActiveCfg = Debug|Any CPU
		{985C96B6-52BA-4CAF-B656-F08424E5D46D}.Debug|Any CPU.Build.0 = Debug|Any CPU
		{985C96B6-52BA-4CAF-B656-F08424E5D46D}.Release|Any CPU.ActiveCfg = Release|Any CPU
		{985C96B6-52BA-4CAF-B656-F08424E5D46D}.Release|Any CPU.Build.0 = Release|Any CPU
		{A6E5E570-E2EA-4F7A-B6D4-42421E6175DD}.Debug|Any CPU.ActiveCfg = Debug|Any CPU
		{A6E5E570-E2EA-4F7A-B6D4-42421E6175DD}.Debug|Any CPU.Build.0 = Debug|Any CPU
		{A6E5E570-E2EA-4F7A-B6D4-42421E6175DD}.Release|Any CPU.ActiveCfg = Release|Any CPU
		{A6E5E570-E2EA-4F7A-B6D4-42421E6175DD}.Release|Any CPU.Build.0 = Release|Any CPU
	EndGlobalSection
EndGlobal
